
Microsoft Visual Studio Solution File, Format Version 12.00
# Visual Studio Version 16
VisualStudioVersion = 16.0.31702.278
MinimumVisualStudioVersion = 10.0.40219.1
Project("{8BC9CEB8-8B4A-11D0-8D11-00A0C91BC942}") = "lab1_task1", "lab1_task1\lab1_task1.vcxproj", "{5A43F1F5-F4C7-44AD-9B99-7CEF581668CC}"
EndProject
Project("{8BC9CEB8-8B4A-11D0-8D11-00A0C91BC942}") = "lab1_task2", "lab1_task2\lab1_task2.vcxproj", "{B0232EBF-2369-4200-BA63-66882A067DFA}"
EndProject
Project("{8BC9CEB8-8B4A-11D0-8D11-00A0C91BC942}") = "lab1_task3", "lab1_task3\lab1_task3.vcxproj", "{C4992F35-3633-41BC-A650-D715370EBF82}"
EndProject
Project("{8BC9CEB8-8B4A-11D0-8D11-00A0C91BC942}") = "lab4_task3", "lab4_task3\lab4_task3.vcxproj", "{5F7E7846-F601-49EE-AA78-F8A895C29A35}"
EndProject
Project("{8BC9CEB8-8B4A-11D0-8D11-00A0C91BC942}") = "lab1_test", "lab1_test\lab1_test.vcxproj", "{A4DAD184-8D40-4AAD-81CA-E9812FC1D45A}"
EndProject
Project("{8BC9CEB8-8B4A-11D0-8D11-00A0C91BC942}") = "lab4_test", "lab4_test\lab4_test.vcxproj", "{3ED15910-E45B-47BC-B733-DB610A56C2CB}"
EndProject
Project("{8BC9CEB8-8B4A-11D0-8D11-00A0C91BC942}") = "lab3_task1", "lab3_task1\lab3_task1.vcxproj", "{970DB10B-BCD0-44DC-BA57-2798CDFA546D}"
EndProject
Project("{8BC9CEB8-8B4A-11D0-8D11-00A0C91BC942}") = "lab3_task2", "lab3_task2\lab3_task2.vcxproj", "{F234495F-70A1-4187-AAFA-11B1A80496A8}"
EndProject
Project("{8BC9CEB8-8B4A-11D0-8D11-00A0C91BC942}") = "lab3_test", "lab3_test\lab3_test.vcxproj", "{B32913D1-FFBD-4F0F-8B36-E5F0E9C89BFA}"
EndProject
Project("{8BC9CEB8-8B4A-11D0-8D11-00A0C91BC942}") = "lab3_task3", "lab3_task3\lab3_task3.vcxproj", "{132DAECE-B906-4D52-AA93-DA4340E4C9E4}"
EndProject
Project("{8BC9CEB8-8B4A-11D0-8D11-00A0C91BC942}") = "lab2_task1", "lab2_task1\lab2_task1.vcxproj", "{BFDDF9C1-3102-4EA3-950E-9AE9F2FE8F2A}"
EndProject
Global
	GlobalSection(SolutionConfigurationPlatforms) = preSolution
		Debug|x64 = Debug|x64
		Debug|x86 = Debug|x86
		Release|x64 = Release|x64
		Release|x86 = Release|x86
	EndGlobalSection
	GlobalSection(ProjectConfigurationPlatforms) = postSolution
		{5A43F1F5-F4C7-44AD-9B99-7CEF581668CC}.Debug|x64.ActiveCfg = Debug|x64
		{5A43F1F5-F4C7-44AD-9B99-7CEF581668CC}.Debug|x64.Build.0 = Debug|x64
		{5A43F1F5-F4C7-44AD-9B99-7CEF581668CC}.Debug|x86.ActiveCfg = Debug|Win32
		{5A43F1F5-F4C7-44AD-9B99-7CEF581668CC}.Debug|x86.Build.0 = Debug|Win32
		{5A43F1F5-F4C7-44AD-9B99-7CEF581668CC}.Release|x64.ActiveCfg = Release|x64
		{5A43F1F5-F4C7-44AD-9B99-7CEF581668CC}.Release|x64.Build.0 = Release|x64
		{5A43F1F5-F4C7-44AD-9B99-7CEF581668CC}.Release|x86.ActiveCfg = Release|Win32
		{5A43F1F5-F4C7-44AD-9B99-7CEF581668CC}.Release|x86.Build.0 = Release|Win32
		{B0232EBF-2369-4200-BA63-66882A067DFA}.Debug|x64.ActiveCfg = Debug|x64
		{B0232EBF-2369-4200-BA63-66882A067DFA}.Debug|x64.Build.0 = Debug|x64
		{B0232EBF-2369-4200-BA63-66882A067DFA}.Debug|x86.ActiveCfg = Debug|Win32
		{B0232EBF-2369-4200-BA63-66882A067DFA}.Debug|x86.Build.0 = Debug|Win32
		{B0232EBF-2369-4200-BA63-66882A067DFA}.Release|x64.ActiveCfg = Release|x64
		{B0232EBF-2369-4200-BA63-66882A067DFA}.Release|x64.Build.0 = Release|x64
		{B0232EBF-2369-4200-BA63-66882A067DFA}.Release|x86.ActiveCfg = Release|Win32
		{B0232EBF-2369-4200-BA63-66882A067DFA}.Release|x86.Build.0 = Release|Win32
		{C4992F35-3633-41BC-A650-D715370EBF82}.Debug|x64.ActiveCfg = Debug|x64
		{C4992F35-3633-41BC-A650-D715370EBF82}.Debug|x64.Build.0 = Debug|x64
		{C4992F35-3633-41BC-A650-D715370EBF82}.Debug|x86.ActiveCfg = Debug|Win32
		{C4992F35-3633-41BC-A650-D715370EBF82}.Debug|x86.Build.0 = Debug|Win32
		{C4992F35-3633-41BC-A650-D715370EBF82}.Release|x64.ActiveCfg = Release|x64
		{C4992F35-3633-41BC-A650-D715370EBF82}.Release|x64.Build.0 = Release|x64
		{C4992F35-3633-41BC-A650-D715370EBF82}.Release|x86.ActiveCfg = Release|Win32
		{C4992F35-3633-41BC-A650-D715370EBF82}.Release|x86.Build.0 = Release|Win32
		{5F7E7846-F601-49EE-AA78-F8A895C29A35}.Debug|x64.ActiveCfg = Debug|x64
		{5F7E7846-F601-49EE-AA78-F8A895C29A35}.Debug|x64.Build.0 = Debug|x64
		{5F7E7846-F601-49EE-AA78-F8A895C29A35}.Debug|x86.ActiveCfg = Debug|Win32
		{5F7E7846-F601-49EE-AA78-F8A895C29A35}.Debug|x86.Build.0 = Debug|Win32
		{5F7E7846-F601-49EE-AA78-F8A895C29A35}.Release|x64.ActiveCfg = Release|x64
		{5F7E7846-F601-49EE-AA78-F8A895C29A35}.Release|x64.Build.0 = Release|x64
		{5F7E7846-F601-49EE-AA78-F8A895C29A35}.Release|x86.ActiveCfg = Release|Win32
		{5F7E7846-F601-49EE-AA78-F8A895C29A35}.Release|x86.Build.0 = Release|Win32
		{A4DAD184-8D40-4AAD-81CA-E9812FC1D45A}.Debug|x64.ActiveCfg = Debug|x64
		{A4DAD184-8D40-4AAD-81CA-E9812FC1D45A}.Debug|x64.Build.0 = Debug|x64
		{A4DAD184-8D40-4AAD-81CA-E9812FC1D45A}.Debug|x86.ActiveCfg = Debug|Win32
		{A4DAD184-8D40-4AAD-81CA-E9812FC1D45A}.Debug|x86.Build.0 = Debug|Win32
		{A4DAD184-8D40-4AAD-81CA-E9812FC1D45A}.Release|x64.ActiveCfg = Release|x64
		{A4DAD184-8D40-4AAD-81CA-E9812FC1D45A}.Release|x64.Build.0 = Release|x64
		{A4DAD184-8D40-4AAD-81CA-E9812FC1D45A}.Release|x86.ActiveCfg = Release|Win32
		{A4DAD184-8D40-4AAD-81CA-E9812FC1D45A}.Release|x86.Build.0 = Release|Win32
		{3ED15910-E45B-47BC-B733-DB610A56C2CB}.Debug|x64.ActiveCfg = Debug|x64
		{3ED15910-E45B-47BC-B733-DB610A56C2CB}.Debug|x64.Build.0 = Debug|x64
		{3ED15910-E45B-47BC-B733-DB610A56C2CB}.Debug|x86.ActiveCfg = Debug|Win32
		{3ED15910-E45B-47BC-B733-DB610A56C2CB}.Debug|x86.Build.0 = Debug|Win32
		{3ED15910-E45B-47BC-B733-DB610A56C2CB}.Release|x64.ActiveCfg = Release|x64
		{3ED15910-E45B-47BC-B733-DB610A56C2CB}.Release|x64.Build.0 = Release|x64
		{3ED15910-E45B-47BC-B733-DB610A56C2CB}.Release|x86.ActiveCfg = Release|Win32
		{3ED15910-E45B-47BC-B733-DB610A56C2CB}.Release|x86.Build.0 = Release|Win32
		{970DB10B-BCD0-44DC-BA57-2798CDFA546D}.Debug|x64.ActiveCfg = Debug|x64
		{970DB10B-BCD0-44DC-BA57-2798CDFA546D}.Debug|x64.Build.0 = Debug|x64
		{970DB10B-BCD0-44DC-BA57-2798CDFA546D}.Debug|x86.ActiveCfg = Debug|Win32
		{970DB10B-BCD0-44DC-BA57-2798CDFA546D}.Debug|x86.Build.0 = Debug|Win32
		{970DB10B-BCD0-44DC-BA57-2798CDFA546D}.Release|x64.ActiveCfg = Release|x64
		{970DB10B-BCD0-44DC-BA57-2798CDFA546D}.Release|x64.Build.0 = Release|x64
		{970DB10B-BCD0-44DC-BA57-2798CDFA546D}.Release|x86.ActiveCfg = Release|Win32
		{970DB10B-BCD0-44DC-BA57-2798CDFA546D}.Release|x86.Build.0 = Release|Win32
		{F234495F-70A1-4187-AAFA-11B1A80496A8}.Debug|x64.ActiveCfg = Debug|x64
		{F234495F-70A1-4187-AAFA-11B1A80496A8}.Debug|x64.Build.0 = Debug|x64
		{F234495F-70A1-4187-AAFA-11B1A80496A8}.Debug|x86.ActiveCfg = Debug|Win32
		{F234495F-70A1-4187-AAFA-11B1A80496A8}.Debug|x86.Build.0 = Debug|Win32
		{F234495F-70A1-4187-AAFA-11B1A80496A8}.Release|x64.ActiveCfg = Release|x64
		{F234495F-70A1-4187-AAFA-11B1A80496A8}.Release|x64.Build.0 = Release|x64
		{F234495F-70A1-4187-AAFA-11B1A80496A8}.Release|x86.ActiveCfg = Release|Win32
		{F234495F-70A1-4187-AAFA-11B1A80496A8}.Release|x86.Build.0 = Release|Win32
		{B32913D1-FFBD-4F0F-8B36-E5F0E9C89BFA}.Debug|x64.ActiveCfg = Debug|x64
		{B32913D1-FFBD-4F0F-8B36-E5F0E9C89BFA}.Debug|x64.Build.0 = Debug|x64
		{B32913D1-FFBD-4F0F-8B36-E5F0E9C89BFA}.Debug|x86.ActiveCfg = Debug|Win32
		{B32913D1-FFBD-4F0F-8B36-E5F0E9C89BFA}.Debug|x86.Build.0 = Debug|Win32
		{B32913D1-FFBD-4F0F-8B36-E5F0E9C89BFA}.Release|x64.ActiveCfg = Release|x64
		{B32913D1-FFBD-4F0F-8B36-E5F0E9C89BFA}.Release|x64.Build.0 = Release|x64
		{B32913D1-FFBD-4F0F-8B36-E5F0E9C89BFA}.Release|x86.ActiveCfg = Release|Win32
		{B32913D1-FFBD-4F0F-8B36-E5F0E9C89BFA}.Release|x86.Build.0 = Release|Win32
		{132DAECE-B906-4D52-AA93-DA4340E4C9E4}.Debug|x64.ActiveCfg = Debug|x64
		{132DAECE-B906-4D52-AA93-DA4340E4C9E4}.Debug|x64.Build.0 = Debug|x64
		{132DAECE-B906-4D52-AA93-DA4340E4C9E4}.Debug|x86.ActiveCfg = Debug|Win32
		{132DAECE-B906-4D52-AA93-DA4340E4C9E4}.Debug|x86.Build.0 = Debug|Win32
		{132DAECE-B906-4D52-AA93-DA4340E4C9E4}.Release|x64.ActiveCfg = Release|x64
		{132DAECE-B906-4D52-AA93-DA4340E4C9E4}.Release|x64.Build.0 = Release|x64
		{132DAECE-B906-4D52-AA93-DA4340E4C9E4}.Release|x86.ActiveCfg = Release|Win32
		{132DAECE-B906-4D52-AA93-DA4340E4C9E4}.Release|x86.Build.0 = Release|Win32
		{BFDDF9C1-3102-4EA3-950E-9AE9F2FE8F2A}.Debug|x64.ActiveCfg = Debug|x64
		{BFDDF9C1-3102-4EA3-950E-9AE9F2FE8F2A}.Debug|x64.Build.0 = Debug|x64
		{BFDDF9C1-3102-4EA3-950E-9AE9F2FE8F2A}.Debug|x86.ActiveCfg = Debug|Win32
		{BFDDF9C1-3102-4EA3-950E-9AE9F2FE8F2A}.Debug|x86.Build.0 = Debug|Win32
		{BFDDF9C1-3102-4EA3-950E-9AE9F2FE8F2A}.Release|x64.ActiveCfg = Release|x64
		{BFDDF9C1-3102-4EA3-950E-9AE9F2FE8F2A}.Release|x64.Build.0 = Release|x64
		{BFDDF9C1-3102-4EA3-950E-9AE9F2FE8F2A}.Release|x86.ActiveCfg = Release|Win32
		{BFDDF9C1-3102-4EA3-950E-9AE9F2FE8F2A}.Release|x86.Build.0 = Release|Win32
	EndGlobalSection
	GlobalSection(SolutionProperties) = preSolution
		HideSolutionNode = FALSE
	EndGlobalSection
	GlobalSection(ExtensibilityGlobals) = postSolution
		SolutionGuid = {9ED0A7AE-DB37-4A55-865B-1E8E4CDA10A4}
	EndGlobalSection
EndGlobal
